
Microsoft Visual Studio Solution File, Format Version 12.00
# Visual Studio Version 17
VisualStudioVersion = 17.3.32901.215
MinimumVisualStudioVersion = 10.0.40219.1
Project("{FAE04EC0-301F-11D3-BF4B-00C04F79EFBC}") = "Part A", "Part A\Part A.csproj", "{829BF849-4A01-4215-AE11-C1FD9DA8ED09}"
EndProject
Project("{FAE04EC0-301F-11D3-BF4B-00C04F79EFBC}") = "Part A.Test", "Part A.Test\Part A.Test.csproj", "{6060D0D0-BE50-45EA-95B2-9126C06FEF12}"
EndProject
Global
	GlobalSection(SolutionConfigurationPlatforms) = preSolution
		Debug|Any CPU = Debug|Any CPU
		Release|Any CPU = Release|Any CPU
	EndGlobalSection
	GlobalSection(ProjectConfigurationPlatforms) = postSolution
		{829BF849-4A01-4215-AE11-C1FD9DA8ED09}.Debug|Any CPU.ActiveCfg = Debug|Any CPU
		{829BF849-4A01-4215-AE11-C1FD9DA8ED09}.Debug|Any CPU.Build.0 = Debug|Any CPU
		{829BF849-4A01-4215-AE11-C1FD9DA8ED09}.Release|Any CPU.ActiveCfg = Release|Any CPU
		{829BF849-4A01-4215-AE11-C1FD9DA8ED09}.Release|Any CPU.Build.0 = Release|Any CPU
		{6060D0D0-BE50-45EA-95B2-9126C06FEF12}.Debug|Any CPU.ActiveCfg = Debug|Any CPU
		{6060D0D0-BE50-45EA-95B2-9126C06FEF12}.Debug|Any CPU.Build.0 = Debug|Any CPU
		{6060D0D0-BE50-45EA-95B2-9126C06FEF12}.Release|Any CPU.ActiveCfg = Release|Any CPU
		{6060D0D0-BE50-45EA-95B2-9126C06FEF12}.Release|Any CPU.Build.0 = Release|Any CPU
	EndGlobalSection
	GlobalSection(SolutionProperties) = preSolution
		HideSolutionNode = FALSE
	EndGlobalSection
	GlobalSection(ExtensibilityGlobals) = postSolution
		SolutionGuid = {CBF9A14F-BD7B-4361-A3F5-0E83CBFF906B}
	EndGlobalSection
EndGlobal
